
Microsoft Visual Studio Solution File, Format Version 12.00
# Visual Studio 15
VisualStudioVersion = 15.0.28307.1169
MinimumVisualStudioVersion = 10.0.40219.1
Project("{9A19103F-16F7-4668-BE54-9A1E7A4F7556}") = "AWSServerlessProjectApplication", "AWSServerlessProjectApplication\AWSServerlessProjectApplication.csproj", "{0C3411F8-CBD3-48A7-9D58-6A2C34867C31}"
EndProject
Global
	GlobalSection(SolutionConfigurationPlatforms) = preSolution
		Debug|Any CPU = Debug|Any CPU
		Release|Any CPU = Release|Any CPU
	EndGlobalSection
	GlobalSection(ProjectConfigurationPlatforms) = postSolution
		{0C3411F8-CBD3-48A7-9D58-6A2C34867C31}.Debug|Any CPU.ActiveCfg = Debug|Any CPU
		{0C3411F8-CBD3-48A7-9D58-6A2C34867C31}.Debug|Any CPU.Build.0 = Debug|Any CPU
		{0C3411F8-CBD3-48A7-9D58-6A2C34867C31}.Release|Any CPU.ActiveCfg = Release|Any CPU
		{0C3411F8-CBD3-48A7-9D58-6A2C34867C31}.Release|Any CPU.Build.0 = Release|Any CPU
	EndGlobalSection
	GlobalSection(SolutionProperties) = preSolution
		HideSolutionNode = FALSE
	EndGlobalSection
	GlobalSection(ExtensibilityGlobals) = postSolution
		SolutionGuid = {38C700BD-2B45-4E74-9B0F-56A651BEC218}
	EndGlobalSection
EndGlobal
